# This file is automatically @generated by Cargo.
# It is not intended for manual editing.
version = 3

[[package]]
name = "Box_Rc_Drop_Deref"
version = "0.1.0"

[[package]]
name = "RefCell"
version = "0.1.0"

[[package]]
name = "accessibility"
version = "0.1.0"

[[package]]
name = "cfg-if"
version = "1.0.0"
source = "registry+https://github.com/rust-lang/crates.io-index"
checksum = "baf1de4339761588bc0619e3cbc0120ee582ebb74b53b4efbf79117bd2da40fd"

[[package]]
name = "closure_function_pointer"
version = "0.1.0"

[[package]]
name = "collection"
version = "0.1.0"

[[package]]
name = "command_line_stderr"
version = "0.1.0"

[[package]]
name = "crate_module"
version = "0.1.0"

[[package]]
name = "debugging"
version = "0.1.0"

[[package]]
name = "dependent"
version = "0.1.0"

[[package]]
name = "ducoments"
version = "0.1.0"

[[package]]
name = "empty_type"
version = "0.1.0"
dependencies = [
 "rand",
]

[[package]]
name = "enum_match_if_let"
version = "0.1.0"

[[package]]
name = "generic_trait"
version = "0.1.0"

[[package]]
name = "getrandom"
version = "0.2.15"
source = "registry+https://github.com/rust-lang/crates.io-index"
checksum = "c4567c8db10ae91089c99af84c68c38da3ec2f087c3f82960bcdbf3656b6f4d7"
dependencies = [
 "cfg-if",
 "libc",
 "wasi",
]

[[package]]
name = "if_loop_for_while"
version = "0.1.0"

[[package]]
name = "iterator"
version = "0.1.0"

[[package]]
name = "libc"
version = "0.2.155"
source = "registry+https://github.com/rust-lang/crates.io-index"
checksum = "97b3888a4aecf77e811145cadf6eef5901f4782c53886191b2f693f24761847c"

[[package]]
name = "lifetime"
version = "0.1.0"

[[package]]
name = "memory_leak"
version = "0.1.0"

[[package]]
name = "method"
version = "0.1.0"

[[package]]
name = "mutex_arc"
version = "0.1.0"
dependencies = [
 "rand",
]

[[package]]
name = "name_collision"
version = "0.1.0"
dependencies = [
 "rand",
]

[[package]]
name = "newtype"
version = "0.1.0"
dependencies = [
 "rand",
]

[[package]]
name = "operation"
version = "0.1.0"

[[package]]
name = "operator_overloading"
version = "0.1.0"
dependencies = [
 "rand",
]

[[package]]
name = "option"
version = "0.1.0"

[[package]]
name = "own_ref_slice"
version = "0.1.0"

[[package]]
name = "panic_file"
version = "0.1.0"

[[package]]
name = "pattern"
version = "0.1.0"
dependencies = [
 "rand",
]

[[package]]
name = "ppv-lite86"
version = "0.2.17"
source = "registry+https://github.com/rust-lang/crates.io-index"
checksum = "5b40af805b3121feab8a3c29f04d8ad262fa8e0561883e7653e024ae4479e6de"

[[package]]
name = "rand"
version = "0.8.5"
source = "registry+https://github.com/rust-lang/crates.io-index"
checksum = "34af8d1a0e25924bc5b7c43c079c942339d8f0a8b57c39049bef581b46327404"
dependencies = [
 "libc",
 "rand_chacha",
 "rand_core",
]

[[package]]
name = "rand_chacha"
version = "0.3.1"
source = "registry+https://github.com/rust-lang/crates.io-index"
checksum = "e6c10a63a0fa32252be49d21e7709d4d4baf8d231c2dbce1eaa8141b9b127d88"
dependencies = [
 "ppv-lite86",
 "rand_core",
]

[[package]]
name = "rand_core"
version = "0.6.4"
source = "registry+https://github.com/rust-lang/crates.io-index"
checksum = "ec0be4795e2f6a28069bec0b5ff3e2ac9bafc99e6a9a7dc3547996c5c816922c"
dependencies = [
 "getrandom",
]

[[package]]
name = "sized_type_oop"
version = "0.1.0"
dependencies = [
 "rand",
]

[[package]]
name = "struct"
version = "0.1.0"

[[package]]
name = "super_trait"
version = "0.1.0"
dependencies = [
 "rand",
]

[[package]]
name = "test"
version = "0.1.0"

[[package]]
name = "thread_message_passing"
version = "0.1.0"

[[package]]
name = "tuple_array"
version = "0.1.0"

[[package]]
name = "unsafe"
version = "0.1.0"
dependencies = [
 "rand",
]

[[package]]
name = "use"
version = "0.1.0"
dependencies = [
 "rand",
]

[[package]]
name = "variable"
version = "0.1.0"

[[package]]
name = "wasi"
version = "0.11.0+wasi-snapshot-preview1"
source = "registry+https://github.com/rust-lang/crates.io-index"
checksum = "9c8d87e72b64a3b4db28d11ce29237c246188f4f51057d65a7eab63b7987e423"

[[package]]
name = "weak"
version = "0.1.0"

[[package]]
name = "workspace_dependency"
version = "0.1.0"
dependencies = [
 "dependent",
]
